
Microsoft Visual Studio Solution File, Format Version 12.00
# Visual Studio Version 17
VisualStudioVersion = 17.3.32929.385
MinimumVisualStudioVersion = 10.0.40219.1
Project("{FAE04EC0-301F-11D3-BF4B-00C04F79EFBC}") = "Benchmarker", "Benchmarker\Benchmarker.csproj", "{681431A5-ED54-4BCE-89A9-1DC951C9CF08}"
EndProject
Global
	GlobalSection(SolutionConfigurationPlatforms) = preSolution
		Debug|Any CPU = Debug|Any CPU
		Release|Any CPU = Release|Any CPU
	EndGlobalSection
	GlobalSection(ProjectConfigurationPlatforms) = postSolution
		{681431A5-ED54-4BCE-89A9-1DC951C9CF08}.Debug|Any CPU.ActiveCfg = Debug|Any CPU
		{681431A5-ED54-4BCE-89A9-1DC951C9CF08}.Debug|Any CPU.Build.0 = Debug|Any CPU
		{681431A5-ED54-4BCE-89A9-1DC951C9CF08}.Release|Any CPU.ActiveCfg = Release|Any CPU
		{681431A5-ED54-4BCE-89A9-1DC951C9CF08}.Release|Any CPU.Build.0 = Release|Any CPU
	EndGlobalSection
	GlobalSection(SolutionProperties) = preSolution
		HideSolutionNode = FALSE
	EndGlobalSection
	GlobalSection(ExtensibilityGlobals) = postSolution
		SolutionGuid = {91C86B3B-7859-46B0-A001-6CDF276C7711}
	EndGlobalSection
EndGlobal
